{
  "requires": true,
  "lockfileVersion": 1,
  "dependencies": {
    "promise-polyfill": {
      "version": "8.0.0",
      "resolved": "https://registry.npmjs.org/promise-polyfill/-/promise-polyfill-8.0.0.tgz",
      "integrity": "sha512-QGmPnw2hDEaRS6freHynJ7nfS1nDg0/P0c/CGglA43utoJjYQMiY9ojEpK0HaJ4wbUztdmwqQRlEfGWdsEQ5uQ=="
    },
    "whatwg-fetch": {
      "version": "2.0.4",
      "resolved": "https://registry.npmjs.org/whatwg-fetch/-/whatwg-fetch-2.0.4.tgz",
      "integrity": "sha512-dcQ1GWpOD/eEQ97k66aiEVpNnapVj90/+R+SXTPYGHpYBBypfKJEQjLrvMZ7YXbKm21gXd4NcuxUTjiv1YtLng=="
    }
  }
}
